{
	"name": "@beefchimi/plugin-postcss",
	"version": "1.0.0",
	"lockfileVersion": 2,
	"requires": true,
	"packages": {
		"": {
			"name": "@beefchimi/plugin-postcss",
			"version": "1.0.0",
			"license": "ISC",
			"dependencies": {
				"autoprefixer": "^10.4.0",
				"postcss-calc": "^8.0.0",
				"postcss-flexbugs-fixes": "^5.0.2",
				"postcss-will-change": "^4.0.1"
			},
			"devDependencies": {
				"postcss": "^8.4.5"
			},
			"peerDependencies": {
				"postcss": ">=8.4.5"
			}
		},
		"node_modules/autoprefixer": {
			"version": "10.4.0",
			"resolved": "https://registry.npmjs.org/autoprefixer/-/autoprefixer-10.4.0.tgz",
			"integrity": "sha512-7FdJ1ONtwzV1G43GDD0kpVMn/qbiNqyOPMFTX5nRffI+7vgWoFEc6DcXOxHJxrWNDXrZh18eDsZjvZGUljSRGA==",
			"dependencies": {
				"browserslist": "^4.17.5",
				"caniuse-lite": "^1.0.30001272",
				"fraction.js": "^4.1.1",
				"normalize-range": "^0.1.2",
				"picocolors": "^1.0.0",
				"postcss-value-parser": "^4.1.0"
			},
			"bin": {
				"autoprefixer": "bin/autoprefixer"
			},
			"engines": {
				"node": "^10 || ^12 || >=14"
			},
			"funding": {
				"type": "opencollective",
				"url": "https://opencollective.com/postcss/"
			},
			"peerDependencies": {
				"postcss": "^8.1.0"
			}
		},
		"node_modules/browserslist": {
			"version": "4.19.1",
			"resolved": "https://registry.npmjs.org/browserslist/-/browserslist-4.19.1.tgz",
			"integrity": "sha512-u2tbbG5PdKRTUoctO3NBD8FQ5HdPh1ZXPHzp1rwaa5jTc+RV9/+RlWiAIKmjRPQF+xbGM9Kklj5bZQFa2s/38A==",
			"dependencies": {
				"caniuse-lite": "^1.0.30001286",
				"electron-to-chromium": "^1.4.17",
				"escalade": "^3.1.1",
				"node-releases": "^2.0.1",
				"picocolors": "^1.0.0"
			},
			"bin": {
				"browserslist": "cli.js"
			},
			"engines": {
				"node": "^6 || ^7 || ^8 || ^9 || ^10 || ^11 || ^12 || >=13.7"
			},
			"funding": {
				"type": "opencollective",
				"url": "https://opencollective.com/browserslist"
			}
		},
		"node_modules/caniuse-lite": {
			"version": "1.0.30001294",
			"resolved": "https://registry.npmjs.org/caniuse-lite/-/caniuse-lite-1.0.30001294.tgz",
			"integrity": "sha512-LiMlrs1nSKZ8qkNhpUf5KD0Al1KCBE3zaT7OLOwEkagXMEDij98SiOovn9wxVGQpklk9vVC/pUSqgYmkmKOS8g==",
			"funding": {
				"type": "opencollective",
				"url": "https://opencollective.com/browserslist"
			}
		},
		"node_modules/cssesc": {
			"version": "3.0.0",
			"resolved": "https://registry.npmjs.org/cssesc/-/cssesc-3.0.0.tgz",
			"integrity": "sha512-/Tb/JcjK111nNScGob5MNtsntNM1aCNUDipB/TkwZFhyDrrE47SOx/18wF2bbjgc3ZzCSKW1T5nt5EbFoAz/Vg==",
			"bin": {
				"cssesc": "bin/cssesc"
			},
			"engines": {
				"node": ">=4"
			}
		},
		"node_modules/electron-to-chromium": {
			"version": "1.4.29",
			"resolved": "https://registry.npmjs.org/electron-to-chromium/-/electron-to-chromium-1.4.29.tgz",
			"integrity": "sha512-N2Jbwxo5Rum8G2YXeUxycs1sv4Qme/ry71HG73bv8BvZl+I/4JtRgK/En+ST/Wh/yF1fqvVCY4jZBgMxnhjtBA=="
		},
		"node_modules/escalade": {
			"version": "3.1.1",
			"resolved": "https://registry.npmjs.org/escalade/-/escalade-3.1.1.tgz",
			"integrity": "sha512-k0er2gUkLf8O0zKJiAhmkTnJlTvINGv7ygDNPbeIsX/TJjGJZHuh9B2UxbsaEkmlEo9MfhrSzmhIlhRlI2GXnw==",
			"engines": {
				"node": ">=6"
			}
		},
		"node_modules/fraction.js": {
			"version": "4.1.2",
			"resolved": "https://registry.npmjs.org/fraction.js/-/fraction.js-4.1.2.tgz",
			"integrity": "sha512-o2RiJQ6DZaR/5+Si0qJUIy637QMRudSi9kU/FFzx9EZazrIdnBgpU+3sEWCxAVhH2RtxW2Oz+T4p2o8uOPVcgA==",
			"engines": {
				"node": "*"
			},
			"funding": {
				"type": "patreon",
				"url": "https://www.patreon.com/infusion"
			}
		},
		"node_modules/nanoid": {
			"version": "3.1.30",
			"resolved": "https://registry.npmjs.org/nanoid/-/nanoid-3.1.30.tgz",
			"integrity": "sha512-zJpuPDwOv8D2zq2WRoMe1HsfZthVewpel9CAvTfc/2mBD1uUT/agc5f7GHGWXlYkFvi1mVxe4IjvP2HNrop7nQ==",
			"bin": {
				"nanoid": "bin/nanoid.cjs"
			},
			"engines": {
				"node": "^10 || ^12 || ^13.7 || ^14 || >=15.0.1"
			}
		},
		"node_modules/node-releases": {
			"version": "2.0.1",
			"resolved": "https://registry.npmjs.org/node-releases/-/node-releases-2.0.1.tgz",
			"integrity": "sha512-CqyzN6z7Q6aMeF/ktcMVTzhAHCEpf8SOarwpzpf8pNBY2k5/oM34UHldUwp8VKI7uxct2HxSRdJjBaZeESzcxA=="
		},
		"node_modules/normalize-range": {
			"version": "0.1.2",
			"resolved": "https://registry.npmjs.org/normalize-range/-/normalize-range-0.1.2.tgz",
			"integrity": "sha1-LRDAa9/TEuqXd2laTShDlFa3WUI=",
			"engines": {
				"node": ">=0.10.0"
			}
		},
		"node_modules/picocolors": {
			"version": "1.0.0",
			"resolved": "https://registry.npmjs.org/picocolors/-/picocolors-1.0.0.tgz",
			"integrity": "sha512-1fygroTLlHu66zi26VoTDv8yRgm0Fccecssto+MhsZ0D/DGW2sm8E8AjW7NU5VVTRt5GxbeZ5qBuJr+HyLYkjQ=="
		},
		"node_modules/postcss": {
			"version": "8.4.5",
			"resolved": "https://registry.npmjs.org/postcss/-/postcss-8.4.5.tgz",
			"integrity": "sha512-jBDboWM8qpaqwkMwItqTQTiFikhs/67OYVvblFFTM7MrZjt6yMKd6r2kgXizEbTTljacm4NldIlZnhbjr84QYg==",
			"dependencies": {
				"nanoid": "^3.1.30",
				"picocolors": "^1.0.0",
				"source-map-js": "^1.0.1"
			},
			"engines": {
				"node": "^10 || ^12 || >=14"
			},
			"funding": {
				"type": "opencollective",
				"url": "https://opencollective.com/postcss/"
			}
		},
		"node_modules/postcss-calc": {
			"version": "8.0.0",
			"resolved": "https://registry.npmjs.org/postcss-calc/-/postcss-calc-8.0.0.tgz",
			"integrity": "sha512-5NglwDrcbiy8XXfPM11F3HeC6hoT9W7GUH/Zi5U/p7u3Irv4rHhdDcIZwG0llHXV4ftsBjpfWMXAnXNl4lnt8g==",
			"dependencies": {
				"postcss-selector-parser": "^6.0.2",
				"postcss-value-parser": "^4.0.2"
			},
			"peerDependencies": {
				"postcss": "^8.2.2"
			}
		},
		"node_modules/postcss-flexbugs-fixes": {
			"version": "5.0.2",
			"resolved": "https://registry.npmjs.org/postcss-flexbugs-fixes/-/postcss-flexbugs-fixes-5.0.2.tgz",
			"integrity": "sha512-18f9voByak7bTktR2QgDveglpn9DTbBWPUzSOe9g0N4WR/2eSt6Vrcbf0hmspvMI6YWGywz6B9f7jzpFNJJgnQ==",
			"peerDependencies": {
				"postcss": "^8.1.4"
			}
		},
		"node_modules/postcss-selector-parser": {
			"version": "6.0.8",
			"resolved": "https://registry.npmjs.org/postcss-selector-parser/-/postcss-selector-parser-6.0.8.tgz",
			"integrity": "sha512-D5PG53d209Z1Uhcc0qAZ5U3t5HagH3cxu+WLZ22jt3gLUpXM4eXXfiO14jiDWST3NNooX/E8wISfOhZ9eIjGTQ==",
			"dependencies": {
				"cssesc": "^3.0.0",
				"util-deprecate": "^1.0.2"
			},
			"engines": {
				"node": ">=4"
			}
		},
		"node_modules/postcss-value-parser": {
			"version": "4.2.0",
			"resolved": "https://registry.npmjs.org/postcss-value-parser/-/postcss-value-parser-4.2.0.tgz",
			"integrity": "sha512-1NNCs6uurfkVbeXG4S8JFT9t19m45ICnif8zWLd5oPSZ50QnwMfK+H3jv408d4jw/7Bttv5axS5IiHoLaVNHeQ=="
		},
		"node_modules/postcss-will-change": {
			"version": "4.0.1",
			"resolved": "https://registry.npmjs.org/postcss-will-change/-/postcss-will-change-4.0.1.tgz",
			"integrity": "sha512-nJIHJ+mwWviIPVs/vuUfa/w8XAOXUjfYSIfNgdnZdo9uHC96x4nrY2ByEkdwYLvnxKto09JYDSWH8sWYLoUhUA==",
			"engines": {
				"node": ">=10.0"
			},
			"funding": {
				"type": "opencollective",
				"url": "https://opencollective.com/postcss/"
			},
			"peerDependencies": {
				"postcss": "^8.1.0"
			}
		},
		"node_modules/source-map-js": {
			"version": "1.0.1",
			"resolved": "https://registry.npmjs.org/source-map-js/-/source-map-js-1.0.1.tgz",
			"integrity": "sha512-4+TN2b3tqOCd/kaGRJ/sTYA0tR0mdXx26ipdolxcwtJVqEnqNYvlCAt1q3ypy4QMlYus+Zh34RNtYLoq2oQ4IA==",
			"engines": {
				"node": ">=0.10.0"
			}
		},
		"node_modules/util-deprecate": {
			"version": "1.0.2",
			"resolved": "https://registry.npmjs.org/util-deprecate/-/util-deprecate-1.0.2.tgz",
			"integrity": "sha1-RQ1Nyfpw3nMnYvvS1KKJgUGaDM8="
		}
	},
	"dependencies": {
		"autoprefixer": {
			"version": "10.4.0",
			"resolved": "https://registry.npmjs.org/autoprefixer/-/autoprefixer-10.4.0.tgz",
			"integrity": "sha512-7FdJ1ONtwzV1G43GDD0kpVMn/qbiNqyOPMFTX5nRffI+7vgWoFEc6DcXOxHJxrWNDXrZh18eDsZjvZGUljSRGA==",
			"requires": {
				"browserslist": "^4.17.5",
				"caniuse-lite": "^1.0.30001272",
				"fraction.js": "^4.1.1",
				"normalize-range": "^0.1.2",
				"picocolors": "^1.0.0",
				"postcss-value-parser": "^4.1.0"
			}
		},
		"browserslist": {
			"version": "4.19.1",
			"resolved": "https://registry.npmjs.org/browserslist/-/browserslist-4.19.1.tgz",
			"integrity": "sha512-u2tbbG5PdKRTUoctO3NBD8FQ5HdPh1ZXPHzp1rwaa5jTc+RV9/+RlWiAIKmjRPQF+xbGM9Kklj5bZQFa2s/38A==",
			"requires": {
				"caniuse-lite": "^1.0.30001286",
				"electron-to-chromium": "^1.4.17",
				"escalade": "^3.1.1",
				"node-releases": "^2.0.1",
				"picocolors": "^1.0.0"
			}
		},
		"caniuse-lite": {
			"version": "1.0.30001294",
			"resolved": "https://registry.npmjs.org/caniuse-lite/-/caniuse-lite-1.0.30001294.tgz",
			"integrity": "sha512-LiMlrs1nSKZ8qkNhpUf5KD0Al1KCBE3zaT7OLOwEkagXMEDij98SiOovn9wxVGQpklk9vVC/pUSqgYmkmKOS8g=="
		},
		"cssesc": {
			"version": "3.0.0",
			"resolved": "https://registry.npmjs.org/cssesc/-/cssesc-3.0.0.tgz",
			"integrity": "sha512-/Tb/JcjK111nNScGob5MNtsntNM1aCNUDipB/TkwZFhyDrrE47SOx/18wF2bbjgc3ZzCSKW1T5nt5EbFoAz/Vg=="
		},
		"electron-to-chromium": {
			"version": "1.4.29",
			"resolved": "https://registry.npmjs.org/electron-to-chromium/-/electron-to-chromium-1.4.29.tgz",
			"integrity": "sha512-N2Jbwxo5Rum8G2YXeUxycs1sv4Qme/ry71HG73bv8BvZl+I/4JtRgK/En+ST/Wh/yF1fqvVCY4jZBgMxnhjtBA=="
		},
		"escalade": {
			"version": "3.1.1",
			"resolved": "https://registry.npmjs.org/escalade/-/escalade-3.1.1.tgz",
			"integrity": "sha512-k0er2gUkLf8O0zKJiAhmkTnJlTvINGv7ygDNPbeIsX/TJjGJZHuh9B2UxbsaEkmlEo9MfhrSzmhIlhRlI2GXnw=="
		},
		"fraction.js": {
			"version": "4.1.2",
			"resolved": "https://registry.npmjs.org/fraction.js/-/fraction.js-4.1.2.tgz",
			"integrity": "sha512-o2RiJQ6DZaR/5+Si0qJUIy637QMRudSi9kU/FFzx9EZazrIdnBgpU+3sEWCxAVhH2RtxW2Oz+T4p2o8uOPVcgA=="
		},
		"nanoid": {
			"version": "3.1.30",
			"resolved": "https://registry.npmjs.org/nanoid/-/nanoid-3.1.30.tgz",
			"integrity": "sha512-zJpuPDwOv8D2zq2WRoMe1HsfZthVewpel9CAvTfc/2mBD1uUT/agc5f7GHGWXlYkFvi1mVxe4IjvP2HNrop7nQ=="
		},
		"node-releases": {
			"version": "2.0.1",
			"resolved": "https://registry.npmjs.org/node-releases/-/node-releases-2.0.1.tgz",
			"integrity": "sha512-CqyzN6z7Q6aMeF/ktcMVTzhAHCEpf8SOarwpzpf8pNBY2k5/oM34UHldUwp8VKI7uxct2HxSRdJjBaZeESzcxA=="
		},
		"normalize-range": {
			"version": "0.1.2",
			"resolved": "https://registry.npmjs.org/normalize-range/-/normalize-range-0.1.2.tgz",
			"integrity": "sha1-LRDAa9/TEuqXd2laTShDlFa3WUI="
		},
		"picocolors": {
			"version": "1.0.0",
			"resolved": "https://registry.npmjs.org/picocolors/-/picocolors-1.0.0.tgz",
			"integrity": "sha512-1fygroTLlHu66zi26VoTDv8yRgm0Fccecssto+MhsZ0D/DGW2sm8E8AjW7NU5VVTRt5GxbeZ5qBuJr+HyLYkjQ=="
		},
		"postcss": {
			"version": "8.4.5",
			"resolved": "https://registry.npmjs.org/postcss/-/postcss-8.4.5.tgz",
			"integrity": "sha512-jBDboWM8qpaqwkMwItqTQTiFikhs/67OYVvblFFTM7MrZjt6yMKd6r2kgXizEbTTljacm4NldIlZnhbjr84QYg==",
			"requires": {
				"nanoid": "^3.1.30",
				"picocolors": "^1.0.0",
				"source-map-js": "^1.0.1"
			}
		},
		"postcss-calc": {
			"version": "8.0.0",
			"resolved": "https://registry.npmjs.org/postcss-calc/-/postcss-calc-8.0.0.tgz",
			"integrity": "sha512-5NglwDrcbiy8XXfPM11F3HeC6hoT9W7GUH/Zi5U/p7u3Irv4rHhdDcIZwG0llHXV4ftsBjpfWMXAnXNl4lnt8g==",
			"requires": {
				"postcss-selector-parser": "^6.0.2",
				"postcss-value-parser": "^4.0.2"
			}
		},
		"postcss-flexbugs-fixes": {
			"version": "5.0.2",
			"resolved": "https://registry.npmjs.org/postcss-flexbugs-fixes/-/postcss-flexbugs-fixes-5.0.2.tgz",
			"integrity": "sha512-18f9voByak7bTktR2QgDveglpn9DTbBWPUzSOe9g0N4WR/2eSt6Vrcbf0hmspvMI6YWGywz6B9f7jzpFNJJgnQ==",
			"requires": {}
		},
		"postcss-selector-parser": {
			"version": "6.0.8",
			"resolved": "https://registry.npmjs.org/postcss-selector-parser/-/postcss-selector-parser-6.0.8.tgz",
			"integrity": "sha512-D5PG53d209Z1Uhcc0qAZ5U3t5HagH3cxu+WLZ22jt3gLUpXM4eXXfiO14jiDWST3NNooX/E8wISfOhZ9eIjGTQ==",
			"requires": {
				"cssesc": "^3.0.0",
				"util-deprecate": "^1.0.2"
			}
		},
		"postcss-value-parser": {
			"version": "4.2.0",
			"resolved": "https://registry.npmjs.org/postcss-value-parser/-/postcss-value-parser-4.2.0.tgz",
			"integrity": "sha512-1NNCs6uurfkVbeXG4S8JFT9t19m45ICnif8zWLd5oPSZ50QnwMfK+H3jv408d4jw/7Bttv5axS5IiHoLaVNHeQ=="
		},
		"postcss-will-change": {
			"version": "4.0.1",
			"resolved": "https://registry.npmjs.org/postcss-will-change/-/postcss-will-change-4.0.1.tgz",
			"integrity": "sha512-nJIHJ+mwWviIPVs/vuUfa/w8XAOXUjfYSIfNgdnZdo9uHC96x4nrY2ByEkdwYLvnxKto09JYDSWH8sWYLoUhUA==",
			"requires": {}
		},
		"source-map-js": {
			"version": "1.0.1",
			"resolved": "https://registry.npmjs.org/source-map-js/-/source-map-js-1.0.1.tgz",
			"integrity": "sha512-4+TN2b3tqOCd/kaGRJ/sTYA0tR0mdXx26ipdolxcwtJVqEnqNYvlCAt1q3ypy4QMlYus+Zh34RNtYLoq2oQ4IA=="
		},
		"util-deprecate": {
			"version": "1.0.2",
			"resolved": "https://registry.npmjs.org/util-deprecate/-/util-deprecate-1.0.2.tgz",
			"integrity": "sha1-RQ1Nyfpw3nMnYvvS1KKJgUGaDM8="
		}
	}
}
