{
	"name": "@beefchimi/config-browserslist",
	"version": "1.0.0",
	"lockfileVersion": 2,
	"requires": true,
	"packages": {
		"": {
			"name": "@beefchimi/config-browserslist",
			"version": "1.0.0",
			"license": "ISC",
			"devDependencies": {
				"browserslist": "^4.19.1"
			},
			"peerDependencies": {
				"browserslist": ">=4.19.1"
			}
		},
		"node_modules/browserslist": {
			"version": "4.19.1",
			"resolved": "https://registry.npmjs.org/browserslist/-/browserslist-4.19.1.tgz",
			"integrity": "sha512-u2tbbG5PdKRTUoctO3NBD8FQ5HdPh1ZXPHzp1rwaa5jTc+RV9/+RlWiAIKmjRPQF+xbGM9Kklj5bZQFa2s/38A==",
			"dev": true,
			"dependencies": {
				"caniuse-lite": "^1.0.30001286",
				"electron-to-chromium": "^1.4.17",
				"escalade": "^3.1.1",
				"node-releases": "^2.0.1",
				"picocolors": "^1.0.0"
			},
			"bin": {
				"browserslist": "cli.js"
			},
			"engines": {
				"node": "^6 || ^7 || ^8 || ^9 || ^10 || ^11 || ^12 || >=13.7"
			},
			"funding": {
				"type": "opencollective",
				"url": "https://opencollective.com/browserslist"
			}
		},
		"node_modules/caniuse-lite": {
			"version": "1.0.30001292",
			"resolved": "https://registry.npmjs.org/caniuse-lite/-/caniuse-lite-1.0.30001292.tgz",
			"integrity": "sha512-jnT4Tq0Q4ma+6nncYQVe7d73kmDmE9C3OGTx3MvW7lBM/eY1S1DZTMBON7dqV481RhNiS5OxD7k9JQvmDOTirw==",
			"dev": true,
			"funding": {
				"type": "opencollective",
				"url": "https://opencollective.com/browserslist"
			}
		},
		"node_modules/electron-to-chromium": {
			"version": "1.4.28",
			"resolved": "https://registry.npmjs.org/electron-to-chromium/-/electron-to-chromium-1.4.28.tgz",
			"integrity": "sha512-Gzbf0wUtKfyPaqf0Plz+Ctinf9eQIzxEqBHwSvbGfeOm9GMNdLxyu1dNiCUfM+x6r4BE0xUJNh3Nmg9gfAtTmg==",
			"dev": true
		},
		"node_modules/escalade": {
			"version": "3.1.1",
			"resolved": "https://registry.npmjs.org/escalade/-/escalade-3.1.1.tgz",
			"integrity": "sha512-k0er2gUkLf8O0zKJiAhmkTnJlTvINGv7ygDNPbeIsX/TJjGJZHuh9B2UxbsaEkmlEo9MfhrSzmhIlhRlI2GXnw==",
			"dev": true,
			"engines": {
				"node": ">=6"
			}
		},
		"node_modules/node-releases": {
			"version": "2.0.1",
			"resolved": "https://registry.npmjs.org/node-releases/-/node-releases-2.0.1.tgz",
			"integrity": "sha512-CqyzN6z7Q6aMeF/ktcMVTzhAHCEpf8SOarwpzpf8pNBY2k5/oM34UHldUwp8VKI7uxct2HxSRdJjBaZeESzcxA==",
			"dev": true
		},
		"node_modules/picocolors": {
			"version": "1.0.0",
			"resolved": "https://registry.npmjs.org/picocolors/-/picocolors-1.0.0.tgz",
			"integrity": "sha512-1fygroTLlHu66zi26VoTDv8yRgm0Fccecssto+MhsZ0D/DGW2sm8E8AjW7NU5VVTRt5GxbeZ5qBuJr+HyLYkjQ==",
			"dev": true
		}
	},
	"dependencies": {
		"browserslist": {
			"version": "4.19.1",
			"resolved": "https://registry.npmjs.org/browserslist/-/browserslist-4.19.1.tgz",
			"integrity": "sha512-u2tbbG5PdKRTUoctO3NBD8FQ5HdPh1ZXPHzp1rwaa5jTc+RV9/+RlWiAIKmjRPQF+xbGM9Kklj5bZQFa2s/38A==",
			"dev": true,
			"requires": {
				"caniuse-lite": "^1.0.30001286",
				"electron-to-chromium": "^1.4.17",
				"escalade": "^3.1.1",
				"node-releases": "^2.0.1",
				"picocolors": "^1.0.0"
			}
		},
		"caniuse-lite": {
			"version": "1.0.30001292",
			"resolved": "https://registry.npmjs.org/caniuse-lite/-/caniuse-lite-1.0.30001292.tgz",
			"integrity": "sha512-jnT4Tq0Q4ma+6nncYQVe7d73kmDmE9C3OGTx3MvW7lBM/eY1S1DZTMBON7dqV481RhNiS5OxD7k9JQvmDOTirw==",
			"dev": true
		},
		"electron-to-chromium": {
			"version": "1.4.28",
			"resolved": "https://registry.npmjs.org/electron-to-chromium/-/electron-to-chromium-1.4.28.tgz",
			"integrity": "sha512-Gzbf0wUtKfyPaqf0Plz+Ctinf9eQIzxEqBHwSvbGfeOm9GMNdLxyu1dNiCUfM+x6r4BE0xUJNh3Nmg9gfAtTmg==",
			"dev": true
		},
		"escalade": {
			"version": "3.1.1",
			"resolved": "https://registry.npmjs.org/escalade/-/escalade-3.1.1.tgz",
			"integrity": "sha512-k0er2gUkLf8O0zKJiAhmkTnJlTvINGv7ygDNPbeIsX/TJjGJZHuh9B2UxbsaEkmlEo9MfhrSzmhIlhRlI2GXnw==",
			"dev": true
		},
		"node-releases": {
			"version": "2.0.1",
			"resolved": "https://registry.npmjs.org/node-releases/-/node-releases-2.0.1.tgz",
			"integrity": "sha512-CqyzN6z7Q6aMeF/ktcMVTzhAHCEpf8SOarwpzpf8pNBY2k5/oM34UHldUwp8VKI7uxct2HxSRdJjBaZeESzcxA==",
			"dev": true
		},
		"picocolors": {
			"version": "1.0.0",
			"resolved": "https://registry.npmjs.org/picocolors/-/picocolors-1.0.0.tgz",
			"integrity": "sha512-1fygroTLlHu66zi26VoTDv8yRgm0Fccecssto+MhsZ0D/DGW2sm8E8AjW7NU5VVTRt5GxbeZ5qBuJr+HyLYkjQ==",
			"dev": true
		}
	}
}
